
Microsoft Visual Studio Solution File, Format Version 12.00
# Visual Studio 15
VisualStudioVersion = 15.0.27428.2037
MinimumVisualStudioVersion = 10.0.40219.1
Project("{FAE04EC0-301F-11D3-BF4B-00C04F79EFBC}") = "KeyCloakCoreApiExample", "KeyCloakCoreApiExample\KeyCloakCoreApiExample.csproj", "{CE7B5D0F-ED10-45B9-A720-1915346B8760}"
EndProject
Project("{FAE04EC0-301F-11D3-BF4B-00C04F79EFBC}") = "UI", "UI\UI.csproj", "{B369E07F-5E19-4B6A-A530-09B35750A43A}"
EndProject
Global
	GlobalSection(SolutionConfigurationPlatforms) = preSolution
		Debug|Any CPU = Debug|Any CPU
		Release|Any CPU = Release|Any CPU
	EndGlobalSection
	GlobalSection(ProjectConfigurationPlatforms) = postSolution
		{CE7B5D0F-ED10-45B9-A720-1915346B8760}.Debug|Any CPU.ActiveCfg = Debug|Any CPU
		{CE7B5D0F-ED10-45B9-A720-1915346B8760}.Debug|Any CPU.Build.0 = Debug|Any CPU
		{CE7B5D0F-ED10-45B9-A720-1915346B8760}.Release|Any CPU.ActiveCfg = Release|Any CPU
		{CE7B5D0F-ED10-45B9-A720-1915346B8760}.Release|Any CPU.Build.0 = Release|Any CPU
		{B369E07F-5E19-4B6A-A530-09B35750A43A}.Debug|Any CPU.ActiveCfg = Debug|Any CPU
		{B369E07F-5E19-4B6A-A530-09B35750A43A}.Debug|Any CPU.Build.0 = Debug|Any CPU
		{B369E07F-5E19-4B6A-A530-09B35750A43A}.Release|Any CPU.ActiveCfg = Release|Any CPU
		{B369E07F-5E19-4B6A-A530-09B35750A43A}.Release|Any CPU.Build.0 = Release|Any CPU
	EndGlobalSection
	GlobalSection(SolutionProperties) = preSolution
		HideSolutionNode = FALSE
	EndGlobalSection
	GlobalSection(ExtensibilityGlobals) = postSolution
		SolutionGuid = {7D8E5651-3215-49DB-9592-A09CD03D325B}
	EndGlobalSection
EndGlobal
